// !$*UTF8*$!
{
	archiveVersion = 1;
	classes = {
	};
	objectVersion = 56;
	objects = {

/* Begin PBXBuildFile section */
		B1119F4A2A46FF2500C90D91 /* TagItem.swift in Sources */ = {isa = PBXBuildFile; fileRef = B1119F492A46FF2500C90D91 /* TagItem.swift */; };
		B131A6CA2A4478490076F953 /* CardSetList.swift in Sources */ = {isa = PBXBuildFile; fileRef = B131A6C92A4478490076F953 /* CardSetList.swift */; };
		B142294A2A46F777007A78B3 /* WrapLayout in Frameworks */ = {isa = PBXBuildFile; productRef = B14229492A46F777007A78B3 /* WrapLayout */; };
		B147D4B62A45F2D200F5B704 /* WrappingHStack in Frameworks */ = {isa = PBXBuildFile; productRef = B147D4B52A45F2D200F5B704 /* WrappingHStack */; };
		B15875E12A3B414600FB29AC /* CardsHub.swift in Sources */ = {isa = PBXBuildFile; fileRef = B15875E02A3B414600FB29AC /* CardsHub.swift */; };
		B189E79B2A30A55800AB931F /* SDWebImageSwiftUI in Frameworks */ = {isa = PBXBuildFile; productRef = B189E79A2A30A55800AB931F /* SDWebImageSwiftUI */; };
		B189E79E2A30AFA200AB931F /* FirebaseAppCheck in Frameworks */ = {isa = PBXBuildFile; productRef = B189E79D2A30AFA200AB931F /* FirebaseAppCheck */; };
		B189E7A02A30AFA200AB931F /* FirebaseDatabase in Frameworks */ = {isa = PBXBuildFile; productRef = B189E79F2A30AFA200AB931F /* FirebaseDatabase */; };
		B189E7A22A30AFA200AB931F /* FirebaseDatabaseSwift in Frameworks */ = {isa = PBXBuildFile; productRef = B189E7A12A30AFA200AB931F /* FirebaseDatabaseSwift */; };
		B189E7A42A30AFA200AB931F /* FirebaseFirestore in Frameworks */ = {isa = PBXBuildFile; productRef = B189E7A32A30AFA200AB931F /* FirebaseFirestore */; };
		B189E7A62A30AFA200AB931F /* FirebaseFirestoreSwift in Frameworks */ = {isa = PBXBuildFile; productRef = B189E7A52A30AFA200AB931F /* FirebaseFirestoreSwift */; };
		B189E7A82A30AFA200AB931F /* FirebaseFunctions in Frameworks */ = {isa = PBXBuildFile; productRef = B189E7A72A30AFA200AB931F /* FirebaseFunctions */; };
		B189E7AA2A30AFA200AB931F /* FirebaseInAppMessaging-Beta in Frameworks */ = {isa = PBXBuildFile; productRef = B189E7A92A30AFA200AB931F /* FirebaseInAppMessaging-Beta */; };
		B189E7AC2A30AFA200AB931F /* FirebaseMessaging in Frameworks */ = {isa = PBXBuildFile; productRef = B189E7AB2A30AFA200AB931F /* FirebaseMessaging */; };
		B189E7AE2A30AFA200AB931F /* FirebaseStorage in Frameworks */ = {isa = PBXBuildFile; productRef = B189E7AD2A30AFA200AB931F /* FirebaseStorage */; };
		B1ACD1052A44A79900A0A535 /* AICardsCreationScreen.swift in Sources */ = {isa = PBXBuildFile; fileRef = B1ACD1042A44A79900A0A535 /* AICardsCreationScreen.swift */; };
		B1C13FAC2A4781BA006A8111 /* GoogleService-Info.plist in Resources */ = {isa = PBXBuildFile; fileRef = B1C13FAB2A4781BA006A8111 /* GoogleService-Info.plist */; };
		B1C13FAE2A4787C7006A8111 /* FloatingButton.swift in Sources */ = {isa = PBXBuildFile; fileRef = B1C13FAD2A4787C7006A8111 /* FloatingButton.swift */; };
		B1CD54992A30424700C43013 /* CardsApp.swift in Sources */ = {isa = PBXBuildFile; fileRef = B1CD54982A30424700C43013 /* CardsApp.swift */; };
		B1CD549B2A30424700C43013 /* ContentView.swift in Sources */ = {isa = PBXBuildFile; fileRef = B1CD549A2A30424700C43013 /* ContentView.swift */; };
		B1CD549D2A30424800C43013 /* Assets.xcassets in Resources */ = {isa = PBXBuildFile; fileRef = B1CD549C2A30424800C43013 /* Assets.xcassets */; };
		B1CD54A02A30424800C43013 /* Preview Assets.xcassets in Resources */ = {isa = PBXBuildFile; fileRef = B1CD549F2A30424800C43013 /* Preview Assets.xcassets */; };
/* End PBXBuildFile section */

/* Begin PBXFileReference section */
		B1119F492A46FF2500C90D91 /* TagItem.swift */ = {isa = PBXFileReference; lastKnownFileType = sourcecode.swift; path = TagItem.swift; sourceTree = "<group>"; };
		B131A6C92A4478490076F953 /* CardSetList.swift */ = {isa = PBXFileReference; lastKnownFileType = sourcecode.swift; path = CardSetList.swift; sourceTree = "<group>"; };
		B15875E02A3B414600FB29AC /* CardsHub.swift */ = {isa = PBXFileReference; lastKnownFileType = sourcecode.swift; path = CardsHub.swift; sourceTree = "<group>"; };
		B1ACD1042A44A79900A0A535 /* AICardsCreationScreen.swift */ = {isa = PBXFileReference; lastKnownFileType = sourcecode.swift; path = AICardsCreationScreen.swift; sourceTree = "<group>"; };
		B1C13FAB2A4781BA006A8111 /* GoogleService-Info.plist */ = {isa = PBXFileReference; fileEncoding = 4; lastKnownFileType = text.plist.xml; path = "GoogleService-Info.plist"; sourceTree = "<group>"; };
		B1C13FAD2A4787C7006A8111 /* FloatingButton.swift */ = {isa = PBXFileReference; lastKnownFileType = sourcecode.swift; path = FloatingButton.swift; sourceTree = "<group>"; };
		B1CD54952A30424700C43013 /* Cards.app */ = {isa = PBXFileReference; explicitFileType = wrapper.application; includeInIndex = 0; path = Cards.app; sourceTree = BUILT_PRODUCTS_DIR; };
		B1CD54982A30424700C43013 /* CardsApp.swift */ = {isa = PBXFileReference; lastKnownFileType = sourcecode.swift; path = CardsApp.swift; sourceTree = "<group>"; };
		B1CD549A2A30424700C43013 /* ContentView.swift */ = {isa = PBXFileReference; lastKnownFileType = sourcecode.swift; path = ContentView.swift; sourceTree = "<group>"; };
		B1CD549C2A30424800C43013 /* Assets.xcassets */ = {isa = PBXFileReference; lastKnownFileType = folder.assetcatalog; path = Assets.xcassets; sourceTree = "<group>"; };
		B1CD549F2A30424800C43013 /* Preview Assets.xcassets */ = {isa = PBXFileReference; lastKnownFileType = folder.assetcatalog; path = "Preview Assets.xcassets"; sourceTree = "<group>"; };
/* End PBXFileReference section */

/* Begin PBXFrameworksBuildPhase section */
		B1CD54922A30424700C43013 /* Frameworks */ = {
			isa = PBXFrameworksBuildPhase;
			buildActionMask = 2147483647;
			files = (
				B189E7AC2A30AFA200AB931F /* FirebaseMessaging in Frameworks */,
				B189E7A22A30AFA200AB931F /* FirebaseDatabaseSwift in Frameworks */,
				B189E7A82A30AFA200AB931F /* FirebaseFunctions in Frameworks */,
				B189E7AE2A30AFA200AB931F /* FirebaseStorage in Frameworks */,
				B189E7A02A30AFA200AB931F /* FirebaseDatabase in Frameworks */,
				B147D4B62A45F2D200F5B704 /* WrappingHStack in Frameworks */,
				B189E7AA2A30AFA200AB931F /* FirebaseInAppMessaging-Beta in Frameworks */,
				B189E79E2A30AFA200AB931F /* FirebaseAppCheck in Frameworks */,
				B189E7A42A30AFA200AB931F /* FirebaseFirestore in Frameworks */,
				B189E79B2A30A55800AB931F /* SDWebImageSwiftUI in Frameworks */,
				B142294A2A46F777007A78B3 /* WrapLayout in Frameworks */,
				B189E7A62A30AFA200AB931F /* FirebaseFirestoreSwift in Frameworks */,
			);
			runOnlyForDeploymentPostprocessing = 0;
		};
/* End PBXFrameworksBuildPhase section */

/* Begin PBXGroup section */
		B1CD548C2A30424700C43013 = {
			isa = PBXGroup;
			children = (
				B1CD54972A30424700C43013 /* Cards */,
				B1CD54962A30424700C43013 /* Products */,
			);
			sourceTree = "<group>";
		};
		B1CD54962A30424700C43013 /* Products */ = {
			isa = PBXGroup;
			children = (
				B1CD54952A30424700C43013 /* Cards.app */,
			);
			name = Products;
			sourceTree = "<group>";
		};
		B1CD54972A30424700C43013 /* Cards */ = {
			isa = PBXGroup;
			children = (
				B1C13FAB2A4781BA006A8111 /* GoogleService-Info.plist */,
				B1CD54982A30424700C43013 /* CardsApp.swift */,
				B1119F492A46FF2500C90D91 /* TagItem.swift */,
				B1CD549A2A30424700C43013 /* ContentView.swift */,
				B131A6C92A4478490076F953 /* CardSetList.swift */,
				B1ACD1042A44A79900A0A535 /* AICardsCreationScreen.swift */,
				B1C13FAD2A4787C7006A8111 /* FloatingButton.swift */,
				B15875E02A3B414600FB29AC /* CardsHub.swift */,
				B1CD549C2A30424800C43013 /* Assets.xcassets */,
				B1CD549E2A30424800C43013 /* Preview Content */,
			);
			path = Cards;
			sourceTree = "<group>";
		};
		B1CD549E2A30424800C43013 /* Preview Content */ = {
			isa = PBXGroup;
			children = (
				B1CD549F2A30424800C43013 /* Preview Assets.xcassets */,
			);
			path = "Preview Content";
			sourceTree = "<group>";
		};
/* End PBXGroup section */

/* Begin PBXNativeTarget section */
		B1CD54942A30424700C43013 /* Cards */ = {
			isa = PBXNativeTarget;
			buildConfigurationList = B1CD54A32A30424800C43013 /* Build configuration list for PBXNativeTarget "Cards" */;
			buildPhases = (
				B1CD54912A30424700C43013 /* Sources */,
				B1CD54922A30424700C43013 /* Frameworks */,
				B1CD54932A30424700C43013 /* Resources */,
			);
			buildRules = (
			);
			dependencies = (
			);
			name = Cards;
			packageProductDependencies = (
				B189E79A2A30A55800AB931F /* SDWebImageSwiftUI */,
				B189E79D2A30AFA200AB931F /* FirebaseAppCheck */,
				B189E79F2A30AFA200AB931F /* FirebaseDatabase */,
				B189E7A12A30AFA200AB931F /* FirebaseDatabaseSwift */,
				B189E7A32A30AFA200AB931F /* FirebaseFirestore */,
				B189E7A52A30AFA200AB931F /* FirebaseFirestoreSwift */,
				B189E7A72A30AFA200AB931F /* FirebaseFunctions */,
				B189E7A92A30AFA200AB931F /* FirebaseInAppMessaging-Beta */,
				B189E7AB2A30AFA200AB931F /* FirebaseMessaging */,
				B189E7AD2A30AFA200AB931F /* FirebaseStorage */,
				B147D4B52A45F2D200F5B704 /* WrappingHStack */,
				B14229492A46F777007A78B3 /* WrapLayout */,
			);
			productName = Cards;
			productReference = B1CD54952A30424700C43013 /* Cards.app */;
			productType = "com.apple.product-type.application";
		};
/* End PBXNativeTarget section */

/* Begin PBXProject section */
		B1CD548D2A30424700C43013 /* Project object */ = {
			isa = PBXProject;
			attributes = {
				BuildIndependentTargetsInParallel = 1;
				LastSwiftUpdateCheck = 1430;
				LastUpgradeCheck = 1430;
				TargetAttributes = {
					B1CD54942A30424700C43013 = {
						CreatedOnToolsVersion = 14.3;
					};
				};
			};
			buildConfigurationList = B1CD54902A30424700C43013 /* Build configuration list for PBXProject "Cards" */;
			compatibilityVersion = "Xcode 14.0";
			developmentRegion = en;
			hasScannedForEncodings = 0;
			knownRegions = (
				en,
				Base,
			);
			mainGroup = B1CD548C2A30424700C43013;
			packageReferences = (
				B189E7992A30A55800AB931F /* XCRemoteSwiftPackageReference "SDWebImageSwiftUI" */,
				B189E79C2A30AFA200AB931F /* XCRemoteSwiftPackageReference "firebase-ios-sdk" */,
				B147D4B42A45F2D200F5B704 /* XCRemoteSwiftPackageReference "WrappingHStack" */,
				B14229482A46F777007A78B3 /* XCRemoteSwiftPackageReference "swiftui-WrapLayout" */,
			);
			productRefGroup = B1CD54962A30424700C43013 /* Products */;
			projectDirPath = "";
			projectRoot = "";
			targets = (
				B1CD54942A30424700C43013 /* Cards */,
			);
		};
/* End PBXProject section */

/* Begin PBXResourcesBuildPhase section */
		B1CD54932A30424700C43013 /* Resources */ = {
			isa = PBXResourcesBuildPhase;
			buildActionMask = 2147483647;
			files = (
				B1CD54A02A30424800C43013 /* Preview Assets.xcassets in Resources */,
				B1CD549D2A30424800C43013 /* Assets.xcassets in Resources */,
				B1C13FAC2A4781BA006A8111 /* GoogleService-Info.plist in Resources */,
			);
			runOnlyForDeploymentPostprocessing = 0;
		};
/* End PBXResourcesBuildPhase section */

/* Begin PBXSourcesBuildPhase section */
		B1CD54912A30424700C43013 /* Sources */ = {
			isa = PBXSourcesBuildPhase;
			buildActionMask = 2147483647;
			files = (
				B1CD549B2A30424700C43013 /* ContentView.swift in Sources */,
				B15875E12A3B414600FB29AC /* CardsHub.swift in Sources */,
				B1C13FAE2A4787C7006A8111 /* FloatingButton.swift in Sources */,
				B131A6CA2A4478490076F953 /* CardSetList.swift in Sources */,
				B1ACD1052A44A79900A0A535 /* AICardsCreationScreen.swift in Sources */,
				B1CD54992A30424700C43013 /* CardsApp.swift in Sources */,
				B1119F4A2A46FF2500C90D91 /* TagItem.swift in Sources */,
			);
			runOnlyForDeploymentPostprocessing = 0;
		};
/* End PBXSourcesBuildPhase section */

/* Begin XCBuildConfiguration section */
		B1CD54A12A30424800C43013 /* Debug */ = {
			isa = XCBuildConfiguration;
			buildSettings = {
				ALWAYS_SEARCH_USER_PATHS = NO;
				CLANG_ANALYZER_NONNULL = YES;
				CLANG_ANALYZER_NUMBER_OBJECT_CONVERSION = YES_AGGRESSIVE;
				CLANG_CXX_LANGUAGE_STANDARD = "gnu++20";
				CLANG_ENABLE_MODULES = YES;
				CLANG_ENABLE_OBJC_ARC = YES;
				CLANG_ENABLE_OBJC_WEAK = YES;
				CLANG_WARN_BLOCK_CAPTURE_AUTORELEASING = YES;
				CLANG_WARN_BOOL_CONVERSION = YES;
				CLANG_WARN_COMMA = YES;
				CLANG_WARN_CONSTANT_CONVERSION = YES;
				CLANG_WARN_DEPRECATED_OBJC_IMPLEMENTATIONS = YES;
				CLANG_WARN_DIRECT_OBJC_ISA_USAGE = YES_ERROR;
				CLANG_WARN_DOCUMENTATION_COMMENTS = YES;
				CLANG_WARN_EMPTY_BODY = YES;
				CLANG_WARN_ENUM_CONVERSION = YES;
				CLANG_WARN_INFINITE_RECURSION = YES;
				CLANG_WARN_INT_CONVERSION = YES;
				CLANG_WARN_NON_LITERAL_NULL_CONVERSION = YES;
				CLANG_WARN_OBJC_IMPLICIT_RETAIN_SELF = YES;
				CLANG_WARN_OBJC_LITERAL_CONVERSION = YES;
				CLANG_WARN_OBJC_ROOT_CLASS = YES_ERROR;
				CLANG_WARN_QUOTED_INCLUDE_IN_FRAMEWORK_HEADER = YES;
				CLANG_WARN_RANGE_LOOP_ANALYSIS = YES;
				CLANG_WARN_STRICT_PROTOTYPES = YES;
				CLANG_WARN_SUSPICIOUS_MOVE = YES;
				CLANG_WARN_UNGUARDED_AVAILABILITY = YES_AGGRESSIVE;
				CLANG_WARN_UNREACHABLE_CODE = YES;
				CLANG_WARN__DUPLICATE_METHOD_MATCH = YES;
				COPY_PHASE_STRIP = NO;
				DEBUG_INFORMATION_FORMAT = dwarf;
				ENABLE_STRICT_OBJC_MSGSEND = YES;
				ENABLE_TESTABILITY = YES;
				GCC_C_LANGUAGE_STANDARD = gnu11;
				GCC_DYNAMIC_NO_PIC = NO;
				GCC_NO_COMMON_BLOCKS = YES;
				GCC_OPTIMIZATION_LEVEL = 0;
				GCC_PREPROCESSOR_DEFINITIONS = (
					"DEBUG=1",
					"$(inherited)",
				);
				GCC_WARN_64_TO_32_BIT_CONVERSION = YES;
				GCC_WARN_ABOUT_RETURN_TYPE = YES_ERROR;
				GCC_WARN_UNDECLARED_SELECTOR = YES;
				GCC_WARN_UNINITIALIZED_AUTOS = YES_AGGRESSIVE;
				GCC_WARN_UNUSED_FUNCTION = YES;
				GCC_WARN_UNUSED_VARIABLE = YES;
				IPHONEOS_DEPLOYMENT_TARGET = 16.4;
				MTL_ENABLE_DEBUG_INFO = INCLUDE_SOURCE;
				MTL_FAST_MATH = YES;
				ONLY_ACTIVE_ARCH = YES;
				SDKROOT = iphoneos;
				SWIFT_ACTIVE_COMPILATION_CONDITIONS = DEBUG;
				SWIFT_OPTIMIZATION_LEVEL = "-Onone";
			};
			name = Debug;
		};
		B1CD54A22A30424800C43013 /* Release */ = {
			isa = XCBuildConfiguration;
			buildSettings = {
				ALWAYS_SEARCH_USER_PATHS = NO;
				CLANG_ANALYZER_NONNULL = YES;
				CLANG_ANALYZER_NUMBER_OBJECT_CONVERSION = YES_AGGRESSIVE;
				CLANG_CXX_LANGUAGE_STANDARD = "gnu++20";
				CLANG_ENABLE_MODULES = YES;
				CLANG_ENABLE_OBJC_ARC = YES;
				CLANG_ENABLE_OBJC_WEAK = YES;
				CLANG_WARN_BLOCK_CAPTURE_AUTORELEASING = YES;
				CLANG_WARN_BOOL_CONVERSION = YES;
				CLANG_WARN_COMMA = YES;
				CLANG_WARN_CONSTANT_CONVERSION = YES;
				CLANG_WARN_DEPRECATED_OBJC_IMPLEMENTATIONS = YES;
				CLANG_WARN_DIRECT_OBJC_ISA_USAGE = YES_ERROR;
				CLANG_WARN_DOCUMENTATION_COMMENTS = YES;
				CLANG_WARN_EMPTY_BODY = YES;
				CLANG_WARN_ENUM_CONVERSION = YES;
				CLANG_WARN_INFINITE_RECURSION = YES;
				CLANG_WARN_INT_CONVERSION = YES;
				CLANG_WARN_NON_LITERAL_NULL_CONVERSION = YES;
				CLANG_WARN_OBJC_IMPLICIT_RETAIN_SELF = YES;
				CLANG_WARN_OBJC_LITERAL_CONVERSION = YES;
				CLANG_WARN_OBJC_ROOT_CLASS = YES_ERROR;
				CLANG_WARN_QUOTED_INCLUDE_IN_FRAMEWORK_HEADER = YES;
				CLANG_WARN_RANGE_LOOP_ANALYSIS = YES;
				CLANG_WARN_STRICT_PROTOTYPES = YES;
				CLANG_WARN_SUSPICIOUS_MOVE = YES;
				CLANG_WARN_UNGUARDED_AVAILABILITY = YES_AGGRESSIVE;
				CLANG_WARN_UNREACHABLE_CODE = YES;
				CLANG_WARN__DUPLICATE_METHOD_MATCH = YES;
				COPY_PHASE_STRIP = NO;
				DEBUG_INFORMATION_FORMAT = "dwarf-with-dsym";
				ENABLE_NS_ASSERTIONS = NO;
				ENABLE_STRICT_OBJC_MSGSEND = YES;
				GCC_C_LANGUAGE_STANDARD = gnu11;
				GCC_NO_COMMON_BLOCKS = YES;
				GCC_WARN_64_TO_32_BIT_CONVERSION = YES;
				GCC_WARN_ABOUT_RETURN_TYPE = YES_ERROR;
				GCC_WARN_UNDECLARED_SELECTOR = YES;
				GCC_WARN_UNINITIALIZED_AUTOS = YES_AGGRESSIVE;
				GCC_WARN_UNUSED_FUNCTION = YES;
				GCC_WARN_UNUSED_VARIABLE = YES;
				IPHONEOS_DEPLOYMENT_TARGET = 16.4;
				MTL_ENABLE_DEBUG_INFO = NO;
				MTL_FAST_MATH = YES;
				SDKROOT = iphoneos;
				SWIFT_COMPILATION_MODE = wholemodule;
				SWIFT_OPTIMIZATION_LEVEL = "-O";
				VALIDATE_PRODUCT = YES;
			};
			name = Release;
		};
		B1CD54A42A30424800C43013 /* Debug */ = {
			isa = XCBuildConfiguration;
			buildSettings = {
				ASSETCATALOG_COMPILER_APPICON_NAME = AppIcon;
				ASSETCATALOG_COMPILER_GLOBAL_ACCENT_COLOR_NAME = AccentColor;
				CODE_SIGN_STYLE = Automatic;
				CURRENT_PROJECT_VERSION = 1;
				DEVELOPMENT_ASSET_PATHS = "\"Cards/Preview Content\"";
				DEVELOPMENT_TEAM = H9C72XA9S5;
				ENABLE_PREVIEWS = YES;
				GENERATE_INFOPLIST_FILE = YES;
				INFOPLIST_KEY_UIApplicationSceneManifest_Generation = YES;
				INFOPLIST_KEY_UIApplicationSupportsIndirectInputEvents = YES;
				INFOPLIST_KEY_UILaunchScreen_Generation = YES;
				INFOPLIST_KEY_UISupportedInterfaceOrientations_iPad = "UIInterfaceOrientationPortrait UIInterfaceOrientationPortraitUpsideDown UIInterfaceOrientationLandscapeLeft UIInterfaceOrientationLandscapeRight";
				INFOPLIST_KEY_UISupportedInterfaceOrientations_iPhone = "UIInterfaceOrientationPortrait UIInterfaceOrientationLandscapeLeft UIInterfaceOrientationLandscapeRight";
				LD_RUNPATH_SEARCH_PATHS = (
					"$(inherited)",
					"@executable_path/Frameworks",
				);
				MARKETING_VERSION = 1.0;
				PRODUCT_BUNDLE_IDENTIFIER = com.artyaz.Cards;
				PRODUCT_NAME = "$(TARGET_NAME)";
				SWIFT_EMIT_LOC_STRINGS = YES;
				SWIFT_VERSION = 5.0;
				TARGETED_DEVICE_FAMILY = "1,2";
			};
			name = Debug;
		};
		B1CD54A52A30424800C43013 /* Release */ = {
			isa = XCBuildConfiguration;
			buildSettings = {
				ASSETCATALOG_COMPILER_APPICON_NAME = AppIcon;
				ASSETCATALOG_COMPILER_GLOBAL_ACCENT_COLOR_NAME = AccentColor;
				CODE_SIGN_STYLE = Automatic;
				CURRENT_PROJECT_VERSION = 1;
				DEVELOPMENT_ASSET_PATHS = "\"Cards/Preview Content\"";
				DEVELOPMENT_TEAM = H9C72XA9S5;
				ENABLE_PREVIEWS = YES;
				GENERATE_INFOPLIST_FILE = YES;
				INFOPLIST_KEY_UIApplicationSceneManifest_Generation = YES;
				INFOPLIST_KEY_UIApplicationSupportsIndirectInputEvents = YES;
				INFOPLIST_KEY_UILaunchScreen_Generation = YES;
				INFOPLIST_KEY_UISupportedInterfaceOrientations_iPad = "UIInterfaceOrientationPortrait UIInterfaceOrientationPortraitUpsideDown UIInterfaceOrientationLandscapeLeft UIInterfaceOrientationLandscapeRight";
				INFOPLIST_KEY_UISupportedInterfaceOrientations_iPhone = "UIInterfaceOrientationPortrait UIInterfaceOrientationLandscapeLeft UIInterfaceOrientationLandscapeRight";
				LD_RUNPATH_SEARCH_PATHS = (
					"$(inherited)",
					"@executable_path/Frameworks",
				);
				MARKETING_VERSION = 1.0;
				PRODUCT_BUNDLE_IDENTIFIER = "-.Cards";
				PRODUCT_NAME = "$(TARGET_NAME)";
				SWIFT_EMIT_LOC_STRINGS = YES;
				SWIFT_VERSION = 5.0;
				TARGETED_DEVICE_FAMILY = "1,2";
			};
			name = Release;
		};
/* End XCBuildConfiguration section */

/* Begin XCConfigurationList section */
		B1CD54902A30424700C43013 /* Build configuration list for PBXProject "Cards" */ = {
			isa = XCConfigurationList;
			buildConfigurations = (
				B1CD54A12A30424800C43013 /* Debug */,
				B1CD54A22A30424800C43013 /* Release */,
			);
			defaultConfigurationIsVisible = 0;
			defaultConfigurationName = Release;
		};
		B1CD54A32A30424800C43013 /* Build configuration list for PBXNativeTarget "Cards" */ = {
			isa = XCConfigurationList;
			buildConfigurations = (
				B1CD54A42A30424800C43013 /* Debug */,
				B1CD54A52A30424800C43013 /* Release */,
			);
			defaultConfigurationIsVisible = 0;
			defaultConfigurationName = Release;
		};
/* End XCConfigurationList section */

/* Begin XCRemoteSwiftPackageReference section */
		B14229482A46F777007A78B3 /* XCRemoteSwiftPackageReference "swiftui-WrapLayout" */ = {
			isa = XCRemoteSwiftPackageReference;
			repositoryURL = "https://github.com/FluidGroup/swiftui-WrapLayout";
			requirement = {
				kind = upToNextMajorVersion;
				minimumVersion = 0.2.1;
			};
		};
		B147D4B42A45F2D200F5B704 /* XCRemoteSwiftPackageReference "WrappingHStack" */ = {
			isa = XCRemoteSwiftPackageReference;
			repositoryURL = "https://github.com/dkk/WrappingHStack";
			requirement = {
				kind = upToNextMajorVersion;
				minimumVersion = 2.0.0;
			};
		};
		B189E7992A30A55800AB931F /* XCRemoteSwiftPackageReference "SDWebImageSwiftUI" */ = {
			isa = XCRemoteSwiftPackageReference;
			repositoryURL = "https://github.com/SDWebImage/SDWebImageSwiftUI";
			requirement = {
				kind = upToNextMajorVersion;
				minimumVersion = 2.0.0;
			};
		};
		B189E79C2A30AFA200AB931F /* XCRemoteSwiftPackageReference "firebase-ios-sdk" */ = {
			isa = XCRemoteSwiftPackageReference;
			repositoryURL = "https://github.com/firebase/firebase-ios-sdk";
			requirement = {
				kind = upToNextMajorVersion;
				minimumVersion = 10.0.0;
			};
		};
/* End XCRemoteSwiftPackageReference section */

/* Begin XCSwiftPackageProductDependency section */
		B14229492A46F777007A78B3 /* WrapLayout */ = {
			isa = XCSwiftPackageProductDependency;
			package = B14229482A46F777007A78B3 /* XCRemoteSwiftPackageReference "swiftui-WrapLayout" */;
			productName = WrapLayout;
		};
		B147D4B52A45F2D200F5B704 /* WrappingHStack */ = {
			isa = XCSwiftPackageProductDependency;
			package = B147D4B42A45F2D200F5B704 /* XCRemoteSwiftPackageReference "WrappingHStack" */;
			productName = WrappingHStack;
		};
		B189E79A2A30A55800AB931F /* SDWebImageSwiftUI */ = {
			isa = XCSwiftPackageProductDependency;
			package = B189E7992A30A55800AB931F /* XCRemoteSwiftPackageReference "SDWebImageSwiftUI" */;
			productName = SDWebImageSwiftUI;
		};
		B189E79D2A30AFA200AB931F /* FirebaseAppCheck */ = {
			isa = XCSwiftPackageProductDependency;
			package = B189E79C2A30AFA200AB931F /* XCRemoteSwiftPackageReference "firebase-ios-sdk" */;
			productName = FirebaseAppCheck;
		};
		B189E79F2A30AFA200AB931F /* FirebaseDatabase */ = {
			isa = XCSwiftPackageProductDependency;
			package = B189E79C2A30AFA200AB931F /* XCRemoteSwiftPackageReference "firebase-ios-sdk" */;
			productName = FirebaseDatabase;
		};
		B189E7A12A30AFA200AB931F /* FirebaseDatabaseSwift */ = {
			isa = XCSwiftPackageProductDependency;
			package = B189E79C2A30AFA200AB931F /* XCRemoteSwiftPackageReference "firebase-ios-sdk" */;
			productName = FirebaseDatabaseSwift;
		};
		B189E7A32A30AFA200AB931F /* FirebaseFirestore */ = {
			isa = XCSwiftPackageProductDependency;
			package = B189E79C2A30AFA200AB931F /* XCRemoteSwiftPackageReference "firebase-ios-sdk" */;
			productName = FirebaseFirestore;
		};
		B189E7A52A30AFA200AB931F /* FirebaseFirestoreSwift */ = {
			isa = XCSwiftPackageProductDependency;
			package = B189E79C2A30AFA200AB931F /* XCRemoteSwiftPackageReference "firebase-ios-sdk" */;
			productName = FirebaseFirestoreSwift;
		};
		B189E7A72A30AFA200AB931F /* FirebaseFunctions */ = {
			isa = XCSwiftPackageProductDependency;
			package = B189E79C2A30AFA200AB931F /* XCRemoteSwiftPackageReference "firebase-ios-sdk" */;
			productName = FirebaseFunctions;
		};
		B189E7A92A30AFA200AB931F /* FirebaseInAppMessaging-Beta */ = {
			isa = XCSwiftPackageProductDependency;
			package = B189E79C2A30AFA200AB931F /* XCRemoteSwiftPackageReference "firebase-ios-sdk" */;
			productName = "FirebaseInAppMessaging-Beta";
		};
		B189E7AB2A30AFA200AB931F /* FirebaseMessaging */ = {
			isa = XCSwiftPackageProductDependency;
			package = B189E79C2A30AFA200AB931F /* XCRemoteSwiftPackageReference "firebase-ios-sdk" */;
			productName = FirebaseMessaging;
		};
		B189E7AD2A30AFA200AB931F /* FirebaseStorage */ = {
			isa = XCSwiftPackageProductDependency;
			package = B189E79C2A30AFA200AB931F /* XCRemoteSwiftPackageReference "firebase-ios-sdk" */;
			productName = FirebaseStorage;
		};
/* End XCSwiftPackageProductDependency section */
	};
	rootObject = B1CD548D2A30424700C43013 /* Project object */;
}
